
Microsoft Visual Studio Solution File, Format Version 12.00
# Visual Studio Version 16
VisualStudioVersion = 16.0.31515.178
MinimumVisualStudioVersion = 10.0.40219.1
Project("{FAE04EC0-301F-11D3-BF4B-00C04F79EFBC}") = "RHAuth", "RHAuth\RHAuth.csproj", "{C03012CB-B591-4548-82DB-55A98606783A}"
EndProject
Global
	GlobalSection(SolutionConfigurationPlatforms) = preSolution
		Debug|Any CPU = Debug|Any CPU
		Release|Any CPU = Release|Any CPU
	EndGlobalSection
	GlobalSection(ProjectConfigurationPlatforms) = postSolution
		{C03012CB-B591-4548-82DB-55A98606783A}.Debug|Any CPU.ActiveCfg = Debug|Any CPU
		{C03012CB-B591-4548-82DB-55A98606783A}.Debug|Any CPU.Build.0 = Debug|Any CPU
		{C03012CB-B591-4548-82DB-55A98606783A}.Release|Any CPU.ActiveCfg = Release|Any CPU
		{C03012CB-B591-4548-82DB-55A98606783A}.Release|Any CPU.Build.0 = Release|Any CPU
	EndGlobalSection
	GlobalSection(SolutionProperties) = preSolution
		HideSolutionNode = FALSE
	EndGlobalSection
	GlobalSection(ExtensibilityGlobals) = postSolution
		SolutionGuid = {019EA1BE-DBA4-4CAC-A994-A47E3F367C81}
	EndGlobalSection
EndGlobal
